
Microsoft Visual Studio Solution File, Format Version 9.00
# Visual Studio 2005
Project("{FAE04EC0-301F-11D3-BF4B-00C04F79EFBC}") = "ImageDesignerCore.resources", "ImageDesignerCore.Resources.csproj", "{AA8C2F55-B71A-4A4B-95F2-F753265B6B65}"
EndProject
Global
	GlobalSection(SolutionConfigurationPlatforms) = preSolution
		Debug|Any CPU = Debug|Any CPU
		Release|Any CPU = Release|Any CPU
	EndGlobalSection
	GlobalSection(ProjectConfigurationPlatforms) = postSolution
		{AA8C2F55-B71A-4A4B-95F2-F753265B6B65}.Debug|Any CPU.ActiveCfg = Debug|Any CPU
		{AA8C2F55-B71A-4A4B-95F2-F753265B6B65}.Debug|Any CPU.Build.0 = Debug|Any CPU
		{AA8C2F55-B71A-4A4B-95F2-F753265B6B65}.Release|Any CPU.ActiveCfg = Release|Any CPU
		{AA8C2F55-B71A-4A4B-95F2-F753265B6B65}.Release|Any CPU.Build.0 = Release|Any CPU
	EndGlobalSection
	GlobalSection(SolutionProperties) = preSolution
		HideSolutionNode = FALSE
	EndGlobalSection
EndGlobal
