
Microsoft Visual Studio Solution File, Format Version 9.00
# Visual Studio 2005
Project("{FAE04EC0-301F-11D3-BF4B-00C04F79EFBC}") = "ImageCustomization.resources", "ImageCustomization.Resources.csproj", "{601E415E-261B-40E6-A6A5-87A2B06240F7}"
EndProject
Global
	GlobalSection(SolutionConfigurationPlatforms) = preSolution
		Debug|Any CPU = Debug|Any CPU
		Release|Any CPU = Release|Any CPU
	EndGlobalSection
	GlobalSection(ProjectConfigurationPlatforms) = postSolution
		{601E415E-261B-40E6-A6A5-87A2B06240F7}.Debug|Any CPU.ActiveCfg = Debug|Any CPU
		{601E415E-261B-40E6-A6A5-87A2B06240F7}.Debug|Any CPU.Build.0 = Debug|Any CPU
		{601E415E-261B-40E6-A6A5-87A2B06240F7}.Release|Any CPU.ActiveCfg = Release|Any CPU
		{601E415E-261B-40E6-A6A5-87A2B06240F7}.Release|Any CPU.Build.0 = Release|Any CPU
	EndGlobalSection
	GlobalSection(SolutionProperties) = preSolution
		HideSolutionNode = FALSE
	EndGlobalSection
EndGlobal
