
Microsoft Visual Studio Solution File, Format Version 11.00
# Visual Studio 2010
Project("{FAE04EC0-301F-11D3-BF4B-00C04F79EFBC}") = "ImageDesigner", "ImageDesigner.csproj", "{BE40352C-F350-4FB0-918E-6850FA216676}"
EndProject
Global
	GlobalSection(SolutionConfigurationPlatforms) = preSolution
		Debug|Any CPU = Debug|Any CPU
		Release|Any CPU = Release|Any CPU
	EndGlobalSection
	GlobalSection(ProjectConfigurationPlatforms) = postSolution
		{BE40352C-F350-4FB0-918E-6850FA216676}.Debug|Any CPU.ActiveCfg = Debug|Any CPU
		{BE40352C-F350-4FB0-918E-6850FA216676}.Debug|Any CPU.Build.0 = Debug|Any CPU
		{BE40352C-F350-4FB0-918E-6850FA216676}.Release|Any CPU.ActiveCfg = Release|Any CPU
		{BE40352C-F350-4FB0-918E-6850FA216676}.Release|Any CPU.Build.0 = Release|Any CPU
	EndGlobalSection
	GlobalSection(SolutionProperties) = preSolution
		HideSolutionNode = FALSE
	EndGlobalSection
EndGlobal
